
Microsoft Visual Studio Solution File, Format Version 12.00
# Visual Studio Version 17
VisualStudioVersion = 17.7.34031.279
MinimumVisualStudioVersion = 10.0.40219.1
Project("{FAE04EC0-301F-11D3-BF4B-00C04F79EFBC}") = "Examen2", "Examen2.csproj", "{C98161C2-EB91-43A5-875E-EE481BA2F38D}"
EndProject
Global
	GlobalSection(SolutionConfigurationPlatforms) = preSolution
		Debug|Any CPU = Debug|Any CPU
		Release|Any CPU = Release|Any CPU
	EndGlobalSection
	GlobalSection(ProjectConfigurationPlatforms) = postSolution
		{C98161C2-EB91-43A5-875E-EE481BA2F38D}.Debug|Any CPU.ActiveCfg = Debug|Any CPU
		{C98161C2-EB91-43A5-875E-EE481BA2F38D}.Debug|Any CPU.Build.0 = Debug|Any CPU
		{C98161C2-EB91-43A5-875E-EE481BA2F38D}.Release|Any CPU.ActiveCfg = Release|Any CPU
		{C98161C2-EB91-43A5-875E-EE481BA2F38D}.Release|Any CPU.Build.0 = Release|Any CPU
	EndGlobalSection
	GlobalSection(SolutionProperties) = preSolution
		HideSolutionNode = FALSE
	EndGlobalSection
	GlobalSection(ExtensibilityGlobals) = postSolution
		SolutionGuid = {5CD6EAE2-0F04-44C2-A0C9-F51DC33721EB}
	EndGlobalSection
EndGlobal
